
Microsoft Visual Studio Solution File, Format Version 12.00
# Visual Studio 14
VisualStudioVersion = 14.0.25420.1
MinimumVisualStudioVersion = 10.0.40219.1
Project("{FAE04EC0-301F-11D3-BF4B-00C04F79EFBC}") = "TestCookie", "TestCookie\TestCookie.csproj", "{F69F5D76-269C-49BF-BDC1-DEB69AFBFDF6}"
EndProject
Project("{FAE04EC0-301F-11D3-BF4B-00C04F79EFBC}") = "Dao", "Dao\Dao.csproj", "{3BDF4C52-01A6-49FA-B7CF-C1749B72B46A}"
EndProject
Project("{FAE04EC0-301F-11D3-BF4B-00C04F79EFBC}") = "Configuration", "Configuration\Configuration.csproj", "{A692A955-39D6-43D4-A8A0-2405E71070D5}"
EndProject
Project("{FAE04EC0-301F-11D3-BF4B-00C04F79EFBC}") = "Extension", "Extension\Extension.csproj", "{E867B0CB-61D7-4D51-899E-24BC19A70508}"
EndProject
Global
	GlobalSection(SolutionConfigurationPlatforms) = preSolution
		Debug|Any CPU = Debug|Any CPU
		Release|Any CPU = Release|Any CPU
	EndGlobalSection
	GlobalSection(ProjectConfigurationPlatforms) = postSolution
		{F69F5D76-269C-49BF-BDC1-DEB69AFBFDF6}.Debug|Any CPU.ActiveCfg = Debug|Any CPU
		{F69F5D76-269C-49BF-BDC1-DEB69AFBFDF6}.Debug|Any CPU.Build.0 = Debug|Any CPU
		{F69F5D76-269C-49BF-BDC1-DEB69AFBFDF6}.Release|Any CPU.ActiveCfg = Release|Any CPU
		{F69F5D76-269C-49BF-BDC1-DEB69AFBFDF6}.Release|Any CPU.Build.0 = Release|Any CPU
		{3BDF4C52-01A6-49FA-B7CF-C1749B72B46A}.Debug|Any CPU.ActiveCfg = Debug|Any CPU
		{3BDF4C52-01A6-49FA-B7CF-C1749B72B46A}.Debug|Any CPU.Build.0 = Debug|Any CPU
		{3BDF4C52-01A6-49FA-B7CF-C1749B72B46A}.Release|Any CPU.ActiveCfg = Release|Any CPU
		{3BDF4C52-01A6-49FA-B7CF-C1749B72B46A}.Release|Any CPU.Build.0 = Release|Any CPU
		{A692A955-39D6-43D4-A8A0-2405E71070D5}.Debug|Any CPU.ActiveCfg = Debug|Any CPU
		{A692A955-39D6-43D4-A8A0-2405E71070D5}.Debug|Any CPU.Build.0 = Debug|Any CPU
		{A692A955-39D6-43D4-A8A0-2405E71070D5}.Release|Any CPU.ActiveCfg = Release|Any CPU
		{A692A955-39D6-43D4-A8A0-2405E71070D5}.Release|Any CPU.Build.0 = Release|Any CPU
		{E867B0CB-61D7-4D51-899E-24BC19A70508}.Debug|Any CPU.ActiveCfg = Debug|Any CPU
		{E867B0CB-61D7-4D51-899E-24BC19A70508}.Debug|Any CPU.Build.0 = Debug|Any CPU
		{E867B0CB-61D7-4D51-899E-24BC19A70508}.Release|Any CPU.ActiveCfg = Release|Any CPU
		{E867B0CB-61D7-4D51-899E-24BC19A70508}.Release|Any CPU.Build.0 = Release|Any CPU
	EndGlobalSection
	GlobalSection(SolutionProperties) = preSolution
		HideSolutionNode = FALSE
	EndGlobalSection
EndGlobal
